{
  "name": "coachingresources",
  "version": "1.0.0",
  "lockfileVersion": 3,
  "requires": true,
  "packages": {
    "": {
      "name": "coachingresources",
      "version": "1.0.0",
      "license": "MIT",
      "devDependencies": {
        "doculisp": "^6.0.0"
      }
    },
    "node_modules/@slimio/is": {
      "version": "1.5.1",
      "resolved": "https://registry.npmjs.org/@slimio/is/-/is-1.5.1.tgz",
      "integrity": "sha512-xQ0AgodIE8nHYy508AVmpxqnIr/Ytyz5Xm7I6NQU33+RvDzs94T9c0dTnUWuariByLr1geXXe6kMaTM9TcOIEA==",
      "dev": true,
      "license": "MIT",
      "engines": {
        "node": ">=10"
      }
    },
    "node_modules/@slimio/npm-registry": {
      "version": "0.7.0",
      "resolved": "https://registry.npmjs.org/@slimio/npm-registry/-/npm-registry-0.7.0.tgz",
      "integrity": "sha512-odoQAxbSljy9t0ULV0POX/4pi6T/wVNMDxO8gEoV9q8UYbbIHG5pPEvsswVdh/7rtX7zHdKQJnas8lcNkGaxDw==",
      "dev": true,
      "license": "MIT",
      "dependencies": {
        "@slimio/is": "^1.5.1",
        "httpie": "^2.0.0-next.11"
      },
      "engines": {
        "node": ">=12"
      }
    },
    "node_modules/@types/figlet": {
      "version": "1.7.0",
      "resolved": "https://registry.npmjs.org/@types/figlet/-/figlet-1.7.0.tgz",
      "integrity": "sha512-KwrT7p/8Eo3Op/HBSIwGXOsTZKYiM9NpWRBJ5sVjWP/SmlS+oxxRvJht/FNAtliJvja44N3ul1yATgohnVBV0Q==",
      "dev": true,
      "license": "MIT"
    },
    "node_modules/balanced-match": {
      "version": "4.0.4",
      "resolved": "https://registry.npmjs.org/balanced-match/-/balanced-match-4.0.4.tgz",
      "integrity": "sha512-BLrgEcRTwX2o6gGxGOCNyMvGSp35YofuYzw9h1IMTRmKqttAZZVU67bdb9Pr2vUHA8+j3i2tJfjO6C6+4myGTA==",
      "dev": true,
      "license": "MIT",
      "engines": {
        "node": "18 || 20 || >=22"
      }
    },
    "node_modules/brace-expansion": {
      "version": "5.0.12",
      "resolved": "https://registry.npmjs.org/brace-expansion/-/brace-expansion-5.0.12.tgz",
      "integrity": "sha512-YovQ3rzhaLMIrDjNDMkNS01tea93qhEhG5xy8f6+R0l+dw3Ki+5sCoIoI942iuLZTHWogWktgwVDhU09iNEimQ==",
      "dev": true,
      "license": "MIT",
      "dependencies": {
        "balanced-match": "^4.0.2"
      },
      "engines": {
        "node": "20 || >=22"
      }
    },
    "node_modules/commander": {
      "version": "12.1.0",
      "resolved": "https://registry.npmjs.org/commander/-/commander-12.1.0.tgz",
      "integrity": "sha512-Vw8qHK3bZM9y/P10u3Vib8o/DdkvA2OtPtZvD871QKjy74Wj1WSKFILMPRPSdUSx5RFK1arlJzEtA4PkFgnbuA==",
      "dev": true,
      "license": "MIT",
      "engines": {
        "node": ">=18"
      }
    },
    "node_modules/doculisp": {
      "version": "6.0.1",
      "resolved": "https://registry.npmjs.org/doculisp/-/doculisp-6.0.1.tgz",
      "integrity": "sha512-FQc27r62QYnN68mrqsmaNPAWCUrgblAoIEKlcfkc20EgvcKWYecBjTc8ku3rHc1BTp4vHoGO5p9pu4sebttxgQ==",
      "dev": true,
      "license": "MIT",
      "dependencies": {
        "@slimio/npm-registry": "^0.7.0",
        "@types/figlet": "^1.7.0",
        "commander": "^12.1.0",
        "doculisp-api": "^4.0.1",
        "figlet": "^1.8.0"
      },
      "bin": {
        "doculisp": "dist/index.js"
      }
    },
    "node_modules/doculisp-api": {
      "version": "4.0.1",
      "resolved": "https://registry.npmjs.org/doculisp-api/-/doculisp-api-4.0.1.tgz",
      "integrity": "sha512-X46Dr0aAJJKOx5u3KHDAAM1HE9I2b+Jh7WzksMPgbPPn3QOB7MeuwGd2o6IO7nfluxCGFGKF5uyyMn2dv9m/0Q==",
      "dev": true,
      "license": "MIT",
      "dependencies": {
        "glob": "^13.0.6"
      }
    },
    "node_modules/figlet": {
      "version": "1.8.0",
      "resolved": "https://registry.npmjs.org/figlet/-/figlet-1.8.0.tgz",
      "integrity": "sha512-chzvGjd+Sp7KUvPHZv6EXV5Ir3Q7kYNpCr4aHrRW79qFtTefmQZNny+W1pW9kf5zeE6dikku2W50W/wAH2xWgw==",
      "dev": true,
      "license": "MIT",
      "bin": {
        "figlet": "bin/index.js"
      },
      "engines": {
        "node": ">= 0.4.0"
      }
    },
    "node_modules/glob": {
      "version": "13.0.6",
      "resolved": "https://registry.npmjs.org/glob/-/glob-13.0.6.tgz",
      "integrity": "sha512-Wjlyrolmm8uDpm/ogGyXZXb1Z+Ca2B8NbJwqBVg0axK9GbBeoS7yGV6vjXnYdGm6X53iehEuxxbyiKp8QmN4Vw==",
      "dev": true,
      "license": "BlueOak-1.0.0",
      "dependencies": {
        "minimatch": "^10.2.2",
        "minipass": "^7.1.3",
        "path-scurry": "^2.0.2"
      },
      "engines": {
        "node": "18 || 20 || >=22"
      },
      "funding": {
        "url": "https://github.com/sponsors/isaacs"
      }
    },
    "node_modules/httpie": {
      "version": "2.0.0-next.13",
      "resolved": "https://registry.npmjs.org/httpie/-/httpie-2.0.0-next.13.tgz",
      "integrity": "sha512-KbKOnq8wt0hVEfteYCSnEsPgzaWxcVc4qZ4OaDU9mVOYLRo3XChjWs3MiuRgFu5y+4JDo7sDKdKzkAn1ljQYFA==",
      "dev": true,
      "license": "MIT",
      "engines": {
        "node": ">=10"
      }
    },
    "node_modules/lru-cache": {
      "version": "11.5.2",
      "resolved": "https://registry.npmjs.org/lru-cache/-/lru-cache-11.5.2.tgz",
      "integrity": "sha512-4pfM1Ff0x50o0tQwb5ucw/RzNyD0/YJME6IVcStalZuMWxdt3sR3huStTtxz4PUmvZfRguvDejasvQ2kifR11g==",
      "dev": true,
      "license": "BlueOak-1.0.0",
      "engines": {
        "node": "20 || >=22"
      }
    },
    "node_modules/minimatch": {
      "version": "10.2.6",
      "resolved": "https://registry.npmjs.org/minimatch/-/minimatch-10.2.6.tgz",
      "integrity": "sha512-vpLQEs+VLCr1nU0BXS07maYoFwlDAH0gngQuuttxIwutDFEMHq2blX+8vpgxDdK3J1PwjCJiep77OitTZ4Ll1A==",
      "dev": true,
      "license": "BlueOak-1.0.0",
      "dependencies": {
        "brace-expansion": "^5.0.8"
      },
      "engines": {
        "node": "18 || 20 || >=22"
      },
      "funding": {
        "url": "https://github.com/sponsors/isaacs"
      }
    },
    "node_modules/minipass": {
      "version": "7.1.3",
      "resolved": "https://registry.npmjs.org/minipass/-/minipass-7.1.3.tgz",
      "integrity": "sha512-tEBHqDnIoM/1rXME1zgka9g6Q2lcoCkxHLuc7ODJ5BxbP5d4c2Z5cGgtXAku59200Cx7diuHTOYfSBD8n6mm8A==",
      "dev": true,
      "license": "BlueOak-1.0.0",
      "engines": {
        "node": ">=16 || 14 >=14.17"
      }
    },
    "node_modules/path-scurry": {
      "version": "2.0.2",
      "resolved": "https://registry.npmjs.org/path-scurry/-/path-scurry-2.0.2.tgz",
      "integrity": "sha512-3O/iVVsJAPsOnpwWIeD+d6z/7PmqApyQePUtCndjatj/9I5LylHvt5qluFaBT3I5h3r1ejfR056c+FCv+NnNXg==",
      "dev": true,
      "license": "BlueOak-1.0.0",
      "dependencies": {
        "lru-cache": "^11.0.0",
        "minipass": "^7.1.2"
      },
      "engines": {
        "node": "18 || 20 || >=22"
      },
      "funding": {
        "url": "https://github.com/sponsors/isaacs"
      }
    }
  }
}
